
Microsoft Visual Studio Solution File, Format Version 12.00
# Visual Studio Version 16
VisualStudioVersion = 16.0.30413.136
MinimumVisualStudioVersion = 10.0.40219.1
Project("{FAE04EC0-301F-11D3-BF4B-00C04F79EFBC}") = "RationalLw", "Rational\RationalLw.csproj", "{1041A278-5166-483E-9427-2A2447D019BC}"
EndProject
Project("{FAE04EC0-301F-11D3-BF4B-00C04F79EFBC}") = "RationalTests", "RationalTests\RationalTests.csproj", "{709F9EB2-BF22-4D0F-9ED1-4DF9145FFB36}"
EndProject
Global
	GlobalSection(SolutionConfigurationPlatforms) = preSolution
		Debug|Any CPU = Debug|Any CPU
		Release|Any CPU = Release|Any CPU
	EndGlobalSection
	GlobalSection(ProjectConfigurationPlatforms) = postSolution
		{1041A278-5166-483E-9427-2A2447D019BC}.Debug|Any CPU.ActiveCfg = Debug|Any CPU
		{1041A278-5166-483E-9427-2A2447D019BC}.Debug|Any CPU.Build.0 = Debug|Any CPU
		{1041A278-5166-483E-9427-2A2447D019BC}.Release|Any CPU.ActiveCfg = Release|Any CPU
		{1041A278-5166-483E-9427-2A2447D019BC}.Release|Any CPU.Build.0 = Release|Any CPU
		{709F9EB2-BF22-4D0F-9ED1-4DF9145FFB36}.Debug|Any CPU.ActiveCfg = Debug|Any CPU
		{709F9EB2-BF22-4D0F-9ED1-4DF9145FFB36}.Debug|Any CPU.Build.0 = Debug|Any CPU
		{709F9EB2-BF22-4D0F-9ED1-4DF9145FFB36}.Release|Any CPU.ActiveCfg = Release|Any CPU
		{709F9EB2-BF22-4D0F-9ED1-4DF9145FFB36}.Release|Any CPU.Build.0 = Release|Any CPU
	EndGlobalSection
	GlobalSection(SolutionProperties) = preSolution
		HideSolutionNode = FALSE
	EndGlobalSection
	GlobalSection(ExtensibilityGlobals) = postSolution
		SolutionGuid = {87A1BC38-D12E-4875-A204-71E10B57812A}
	EndGlobalSection
EndGlobal
