
Microsoft Visual Studio Solution File, Format Version 12.00
# Visual Studio Version 16
VisualStudioVersion = 16.0.30413.136
MinimumVisualStudioVersion = 10.0.40219.1
Project("{FAE04EC0-301F-11D3-BF4B-00C04F79EFBC}") = "Fill", "Fill\Fill.csproj", "{244F0625-960F-4948-AF60-5D0E8F76B526}"
EndProject
Global
	GlobalSection(SolutionConfigurationPlatforms) = preSolution
		Debug|Any CPU = Debug|Any CPU
		Release|Any CPU = Release|Any CPU
	EndGlobalSection
	GlobalSection(ProjectConfigurationPlatforms) = postSolution
		{244F0625-960F-4948-AF60-5D0E8F76B526}.Debug|Any CPU.ActiveCfg = Debug|Any CPU
		{244F0625-960F-4948-AF60-5D0E8F76B526}.Debug|Any CPU.Build.0 = Debug|Any CPU
		{244F0625-960F-4948-AF60-5D0E8F76B526}.Release|Any CPU.ActiveCfg = Release|Any CPU
		{244F0625-960F-4948-AF60-5D0E8F76B526}.Release|Any CPU.Build.0 = Release|Any CPU
	EndGlobalSection
	GlobalSection(SolutionProperties) = preSolution
		HideSolutionNode = FALSE
	EndGlobalSection
	GlobalSection(ExtensibilityGlobals) = postSolution
		SolutionGuid = {B1191C85-9248-4883-B281-EFF0547FBE30}
	EndGlobalSection
EndGlobal
