
Microsoft Visual Studio Solution File, Format Version 12.00
# Visual Studio Version 16
VisualStudioVersion = 16.0.30413.136
MinimumVisualStudioVersion = 10.0.40219.1
Project("{FAE04EC0-301F-11D3-BF4B-00C04F79EFBC}") = "VolumetricBodies", "VolumetricBodies\VolumetricBodies.csproj", "{D734D6F0-C204-47D9-8000-CD04EFA6B265}"
EndProject
Project("{FAE04EC0-301F-11D3-BF4B-00C04F79EFBC}") = "VolumetricBodiesTests", "VolumetricBodiesTests\VolumetricBodiesTests.csproj", "{C948285C-7741-457B-BB3D-91912587CE12}"
EndProject
Global
	GlobalSection(SolutionConfigurationPlatforms) = preSolution
		Debug|Any CPU = Debug|Any CPU
		Release|Any CPU = Release|Any CPU
	EndGlobalSection
	GlobalSection(ProjectConfigurationPlatforms) = postSolution
		{D734D6F0-C204-47D9-8000-CD04EFA6B265}.Debug|Any CPU.ActiveCfg = Debug|Any CPU
		{D734D6F0-C204-47D9-8000-CD04EFA6B265}.Debug|Any CPU.Build.0 = Debug|Any CPU
		{D734D6F0-C204-47D9-8000-CD04EFA6B265}.Release|Any CPU.ActiveCfg = Release|Any CPU
		{D734D6F0-C204-47D9-8000-CD04EFA6B265}.Release|Any CPU.Build.0 = Release|Any CPU
		{C948285C-7741-457B-BB3D-91912587CE12}.Debug|Any CPU.ActiveCfg = Debug|Any CPU
		{C948285C-7741-457B-BB3D-91912587CE12}.Debug|Any CPU.Build.0 = Debug|Any CPU
		{C948285C-7741-457B-BB3D-91912587CE12}.Release|Any CPU.ActiveCfg = Release|Any CPU
		{C948285C-7741-457B-BB3D-91912587CE12}.Release|Any CPU.Build.0 = Release|Any CPU
	EndGlobalSection
	GlobalSection(SolutionProperties) = preSolution
		HideSolutionNode = FALSE
	EndGlobalSection
	GlobalSection(ExtensibilityGlobals) = postSolution
		SolutionGuid = {0AD90FB2-FFBD-4555-BD36-ADE0FBE96AC7}
	EndGlobalSection
EndGlobal
